
Microsoft Visual Studio Solution File, Format Version 12.00
# Visual Studio Version 16
VisualStudioVersion = 16.0.28803.352
MinimumVisualStudioVersion = 10.0.40219.1
Project("{778DAE3C-4631-46EA-AA77-85C1314464D9}") = "Comparar", "Comparar\Comparar.vbproj", "{C5687D61-6382-4CF8-924D-92F9B320EDD3}"
EndProject
Project("{778DAE3C-4631-46EA-AA77-85C1314464D9}") = "Menor", "Menor\Menor.vbproj", "{83552B8A-5EB8-4055-B00A-F0F3AE2C7EB0}"
EndProject
Project("{778DAE3C-4631-46EA-AA77-85C1314464D9}") = "Tercero", "Tercero\Tercero.vbproj", "{7D7CC7F4-96DC-421B-938A-BE6C4A616EE7}"
EndProject
Project("{778DAE3C-4631-46EA-AA77-85C1314464D9}") = "Ventas", "Ventas\Ventas.vbproj", "{00F20226-20BD-4E56-873A-A905393E899A}"
EndProject
Project("{778DAE3C-4631-46EA-AA77-85C1314464D9}") = "NombreMes", "NombreMes\NombreMes.vbproj", "{6FA77EB5-78A0-4EA8-A207-0D60B76E52E8}"
EndProject
Project("{778DAE3C-4631-46EA-AA77-85C1314464D9}") = "Venta2.0", "Venta2.0\Venta2.0.vbproj", "{C533B9C0-B8D9-406A-BCB4-114EA34EBE48}"
EndProject
Project("{778DAE3C-4631-46EA-AA77-85C1314464D9}") = "Angulo", "Angulo\Angulo.vbproj", "{F2F3FB53-281D-44D9-A62E-0D7E7B5CD180}"
EndProject
Project("{778DAE3C-4631-46EA-AA77-85C1314464D9}") = "DiasMes", "DiasMes\DiasMes.vbproj", "{C20D6B86-E084-4539-9274-772791B42318}"
EndProject
Project("{778DAE3C-4631-46EA-AA77-85C1314464D9}") = "ConversionMedidas", "ConversionMedidas\ConversionMedidas.vbproj", "{08515F16-12AF-4D4E-8D15-C6364CB0F01B}"
EndProject
Project("{778DAE3C-4631-46EA-AA77-85C1314464D9}") = "ParesImpares", "ParesImpares\ParesImpares.vbproj", "{35E7622E-9B6E-488D-9EA6-5E1A01CB52ED}"
EndProject
Project("{778DAE3C-4631-46EA-AA77-85C1314464D9}") = "Fibonacci", "Fibonacci\Fibonacci.vbproj", "{6C4EACAC-F265-441D-B496-BDCD8114F52B}"
EndProject
Project("{F184B08F-C81C-45F6-A57F-5ABD9991F28F}") = "Primos", "Primos\Primos.vbproj", "{EEBE6153-DC50-4245-81BC-513AE5F14038}"
EndProject
Project("{F184B08F-C81C-45F6-A57F-5ABD9991F28F}") = "Descuento", "Descuento\Descuento.vbproj", "{3A40DA7C-C27B-4563-9434-487F5C2040B0}"
EndProject
Global
	GlobalSection(SolutionConfigurationPlatforms) = preSolution
		Debug|Any CPU = Debug|Any CPU
		Release|Any CPU = Release|Any CPU
	EndGlobalSection
	GlobalSection(ProjectConfigurationPlatforms) = postSolution
		{C5687D61-6382-4CF8-924D-92F9B320EDD3}.Debug|Any CPU.ActiveCfg = Debug|Any CPU
		{C5687D61-6382-4CF8-924D-92F9B320EDD3}.Debug|Any CPU.Build.0 = Debug|Any CPU
		{C5687D61-6382-4CF8-924D-92F9B320EDD3}.Release|Any CPU.ActiveCfg = Release|Any CPU
		{C5687D61-6382-4CF8-924D-92F9B320EDD3}.Release|Any CPU.Build.0 = Release|Any CPU
		{83552B8A-5EB8-4055-B00A-F0F3AE2C7EB0}.Debug|Any CPU.ActiveCfg = Debug|Any CPU
		{83552B8A-5EB8-4055-B00A-F0F3AE2C7EB0}.Debug|Any CPU.Build.0 = Debug|Any CPU
		{83552B8A-5EB8-4055-B00A-F0F3AE2C7EB0}.Release|Any CPU.ActiveCfg = Release|Any CPU
		{83552B8A-5EB8-4055-B00A-F0F3AE2C7EB0}.Release|Any CPU.Build.0 = Release|Any CPU
		{7D7CC7F4-96DC-421B-938A-BE6C4A616EE7}.Debug|Any CPU.ActiveCfg = Debug|Any CPU
		{7D7CC7F4-96DC-421B-938A-BE6C4A616EE7}.Debug|Any CPU.Build.0 = Debug|Any CPU
		{7D7CC7F4-96DC-421B-938A-BE6C4A616EE7}.Release|Any CPU.ActiveCfg = Release|Any CPU
		{7D7CC7F4-96DC-421B-938A-BE6C4A616EE7}.Release|Any CPU.Build.0 = Release|Any CPU
		{00F20226-20BD-4E56-873A-A905393E899A}.Debug|Any CPU.ActiveCfg = Debug|Any CPU
		{00F20226-20BD-4E56-873A-A905393E899A}.Debug|Any CPU.Build.0 = Debug|Any CPU
		{00F20226-20BD-4E56-873A-A905393E899A}.Release|Any CPU.ActiveCfg = Release|Any CPU
		{00F20226-20BD-4E56-873A-A905393E899A}.Release|Any CPU.Build.0 = Release|Any CPU
		{6FA77EB5-78A0-4EA8-A207-0D60B76E52E8}.Debug|Any CPU.ActiveCfg = Debug|Any CPU
		{6FA77EB5-78A0-4EA8-A207-0D60B76E52E8}.Debug|Any CPU.Build.0 = Debug|Any CPU
		{6FA77EB5-78A0-4EA8-A207-0D60B76E52E8}.Release|Any CPU.ActiveCfg = Release|Any CPU
		{6FA77EB5-78A0-4EA8-A207-0D60B76E52E8}.Release|Any CPU.Build.0 = Release|Any CPU
		{C533B9C0-B8D9-406A-BCB4-114EA34EBE48}.Debug|Any CPU.ActiveCfg = Debug|Any CPU
		{C533B9C0-B8D9-406A-BCB4-114EA34EBE48}.Debug|Any CPU.Build.0 = Debug|Any CPU
		{C533B9C0-B8D9-406A-BCB4-114EA34EBE48}.Release|Any CPU.ActiveCfg = Release|Any CPU
		{C533B9C0-B8D9-406A-BCB4-114EA34EBE48}.Release|Any CPU.Build.0 = Release|Any CPU
		{F2F3FB53-281D-44D9-A62E-0D7E7B5CD180}.Debug|Any CPU.ActiveCfg = Debug|Any CPU
		{F2F3FB53-281D-44D9-A62E-0D7E7B5CD180}.Debug|Any CPU.Build.0 = Debug|Any CPU
		{F2F3FB53-281D-44D9-A62E-0D7E7B5CD180}.Release|Any CPU.ActiveCfg = Release|Any CPU
		{F2F3FB53-281D-44D9-A62E-0D7E7B5CD180}.Release|Any CPU.Build.0 = Release|Any CPU
		{C20D6B86-E084-4539-9274-772791B42318}.Debug|Any CPU.ActiveCfg = Debug|Any CPU
		{C20D6B86-E084-4539-9274-772791B42318}.Debug|Any CPU.Build.0 = Debug|Any CPU
		{C20D6B86-E084-4539-9274-772791B42318}.Release|Any CPU.ActiveCfg = Release|Any CPU
		{C20D6B86-E084-4539-9274-772791B42318}.Release|Any CPU.Build.0 = Release|Any CPU
		{08515F16-12AF-4D4E-8D15-C6364CB0F01B}.Debug|Any CPU.ActiveCfg = Debug|Any CPU
		{08515F16-12AF-4D4E-8D15-C6364CB0F01B}.Debug|Any CPU.Build.0 = Debug|Any CPU
		{08515F16-12AF-4D4E-8D15-C6364CB0F01B}.Release|Any CPU.ActiveCfg = Release|Any CPU
		{08515F16-12AF-4D4E-8D15-C6364CB0F01B}.Release|Any CPU.Build.0 = Release|Any CPU
		{35E7622E-9B6E-488D-9EA6-5E1A01CB52ED}.Debug|Any CPU.ActiveCfg = Debug|Any CPU
		{35E7622E-9B6E-488D-9EA6-5E1A01CB52ED}.Debug|Any CPU.Build.0 = Debug|Any CPU
		{35E7622E-9B6E-488D-9EA6-5E1A01CB52ED}.Release|Any CPU.ActiveCfg = Release|Any CPU
		{35E7622E-9B6E-488D-9EA6-5E1A01CB52ED}.Release|Any CPU.Build.0 = Release|Any CPU
		{6C4EACAC-F265-441D-B496-BDCD8114F52B}.Debug|Any CPU.ActiveCfg = Debug|Any CPU
		{6C4EACAC-F265-441D-B496-BDCD8114F52B}.Debug|Any CPU.Build.0 = Debug|Any CPU
		{6C4EACAC-F265-441D-B496-BDCD8114F52B}.Release|Any CPU.ActiveCfg = Release|Any CPU
		{6C4EACAC-F265-441D-B496-BDCD8114F52B}.Release|Any CPU.Build.0 = Release|Any CPU
		{EEBE6153-DC50-4245-81BC-513AE5F14038}.Debug|Any CPU.ActiveCfg = Debug|Any CPU
		{EEBE6153-DC50-4245-81BC-513AE5F14038}.Debug|Any CPU.Build.0 = Debug|Any CPU
		{EEBE6153-DC50-4245-81BC-513AE5F14038}.Release|Any CPU.ActiveCfg = Release|Any CPU
		{EEBE6153-DC50-4245-81BC-513AE5F14038}.Release|Any CPU.Build.0 = Release|Any CPU
		{3A40DA7C-C27B-4563-9434-487F5C2040B0}.Debug|Any CPU.ActiveCfg = Debug|Any CPU
		{3A40DA7C-C27B-4563-9434-487F5C2040B0}.Debug|Any CPU.Build.0 = Debug|Any CPU
		{3A40DA7C-C27B-4563-9434-487F5C2040B0}.Release|Any CPU.ActiveCfg = Release|Any CPU
		{3A40DA7C-C27B-4563-9434-487F5C2040B0}.Release|Any CPU.Build.0 = Release|Any CPU
	EndGlobalSection
	GlobalSection(SolutionProperties) = preSolution
		HideSolutionNode = FALSE
	EndGlobalSection
	GlobalSection(ExtensibilityGlobals) = postSolution
		SolutionGuid = {C31B4DF2-3BCE-468A-9537-54E3C326065D}
	EndGlobalSection
EndGlobal
